// !$*UTF8*$!
{
	archiveVersion = 1;
	classes = {
	};
	objectVersion = 77;
	objects = {

/* Begin PBXBuildFile section */
		BAAE1C8C2FDA1934009ED017 /* InfoPlist.xcstrings in Resources */ = {isa = PBXBuildFile; fileRef = BAAE1C8A2FDA1934009ED017 /* InfoPlist.xcstrings */; };
		BAAE1C8D2FDA1934009ED017 /* Localizable.xcstrings in Resources */ = {isa = PBXBuildFile; fileRef = BAAE1C8B2FDA1934009ED017 /* Localizable.xcstrings */; };
		BF0000000000000000000001 /* RevenueCat in Frameworks */ = {isa = PBXBuildFile; productRef = BF0000000000000000000003 /* RevenueCat */; };
		C0DEF1000000000000000010 /* DeltsTimerWidgetBundle.swift in Sources */ = {isa = PBXBuildFile; fileRef = C0DEF1000000000000000003 /* DeltsTimerWidgetBundle.swift */; };
		C0DEF1000000000000000011 /* WorkoutTimerLiveActivity.swift in Sources */ = {isa = PBXBuildFile; fileRef = C0DEF1000000000000000004 /* WorkoutTimerLiveActivity.swift */; };
		C0DEF1000000000000000012 /* delts/LiveActivity/WorkoutTimerActivityAttributes.swift in Sources */ = {isa = PBXBuildFile; fileRef = C0DEF1000000000000000006 /* delts/LiveActivity/WorkoutTimerActivityAttributes.swift */; };
		C0DEF1000000000000000053 /* DeltsTimerWidget.appex in Embed Foundation Extensions */ = {isa = PBXBuildFile; fileRef = C0DEF1000000000000000001 /* DeltsTimerWidget.appex */; settings = {ATTRIBUTES = (RemoveHeadersOnCopy, ); }; };
		C0DEF1000000000000000056 /* Assets.xcassets in Resources */ = {isa = PBXBuildFile; fileRef = C0DEF1000000000000000057 /* Assets.xcassets */; };
/* End PBXBuildFile section */

/* Begin PBXContainerItemProxy section */
		C0DEF1000000000000000051 /* PBXContainerItemProxy */ = {
			isa = PBXContainerItemProxy;
			containerPortal = BAE99A6A2FC0922800559E0F /* Project object */;
			proxyType = 1;
			remoteGlobalIDString = C0DEF1000000000000000030;
			remoteInfo = DeltsTimerWidget;
		};
/* End PBXContainerItemProxy section */

/* Begin PBXCopyFilesBuildPhase section */
		C0DEF1000000000000000052 /* Embed Foundation Extensions */ = {
			isa = PBXCopyFilesBuildPhase;
			buildActionMask = 2147483647;
			dstPath = "";
			dstSubfolderSpec = 13;
			files = (
				C0DEF1000000000000000053 /* DeltsTimerWidget.appex in Embed Foundation Extensions */,
			);
			name = "Embed Foundation Extensions";
			runOnlyForDeploymentPostprocessing = 0;
		};
/* End PBXCopyFilesBuildPhase section */

/* Begin PBXFileReference section */
		BAAE1C8A2FDA1934009ED017 /* InfoPlist.xcstrings */ = {isa = PBXFileReference; lastKnownFileType = text.json.xcstrings; path = InfoPlist.xcstrings; sourceTree = "<group>"; };
		BAAE1C8B2FDA1934009ED017 /* Localizable.xcstrings */ = {isa = PBXFileReference; lastKnownFileType = text.json.xcstrings; path = Localizable.xcstrings; sourceTree = "<group>"; };
		BAE99A722FC0922800559E0F /* delts.app */ = {isa = PBXFileReference; explicitFileType = wrapper.application; includeInIndex = 0; path = delts.app; sourceTree = BUILT_PRODUCTS_DIR; };
		BAE99A802FC0B00000559E0F /* Base.xcconfig */ = {isa = PBXFileReference; lastKnownFileType = text.xcconfig; path = Base.xcconfig; sourceTree = "<group>"; };
		BAE99A812FC0B00000559E0F /* Secrets.example.xcconfig */ = {isa = PBXFileReference; lastKnownFileType = text.xcconfig; path = Secrets.example.xcconfig; sourceTree = "<group>"; };
		C0DEF1000000000000000001 /* DeltsTimerWidget.appex */ = {isa = PBXFileReference; explicitFileType = "wrapper.app-extension"; includeInIndex = 0; path = DeltsTimerWidget.appex; sourceTree = BUILT_PRODUCTS_DIR; };
		C0DEF1000000000000000003 /* DeltsTimerWidgetBundle.swift */ = {isa = PBXFileReference; lastKnownFileType = sourcecode.swift; path = DeltsTimerWidgetBundle.swift; sourceTree = "<group>"; };
		C0DEF1000000000000000004 /* WorkoutTimerLiveActivity.swift */ = {isa = PBXFileReference; lastKnownFileType = sourcecode.swift; path = WorkoutTimerLiveActivity.swift; sourceTree = "<group>"; };
		C0DEF1000000000000000005 /* Info.plist */ = {isa = PBXFileReference; lastKnownFileType = text.plist.xml; path = Info.plist; sourceTree = "<group>"; };
		C0DEF1000000000000000006 /* delts/LiveActivity/WorkoutTimerActivityAttributes.swift */ = {isa = PBXFileReference; lastKnownFileType = sourcecode.swift; path = delts/LiveActivity/WorkoutTimerActivityAttributes.swift; sourceTree = SOURCE_ROOT; };
		C0DEF1000000000000000057 /* Assets.xcassets */ = {isa = PBXFileReference; lastKnownFileType = folder.assetcatalog; path = Assets.xcassets; sourceTree = "<group>"; };
/* End PBXFileReference section */

/* Begin PBXFileSystemSynchronizedRootGroup section */
		BAE99A742FC0922800559E0F /* delts */ = {
			isa = PBXFileSystemSynchronizedRootGroup;
			path = delts;
			sourceTree = "<group>";
		};
/* End PBXFileSystemSynchronizedRootGroup section */

/* Begin PBXFrameworksBuildPhase section */
		BAE99A6F2FC0922800559E0F /* Frameworks */ = {
			isa = PBXFrameworksBuildPhase;
			buildActionMask = 2147483647;
			files = (
				BF0000000000000000000001 /* RevenueCat in Frameworks */,
			);
			runOnlyForDeploymentPostprocessing = 0;
		};
		C0DEF1000000000000000021 /* Frameworks */ = {
			isa = PBXFrameworksBuildPhase;
			buildActionMask = 2147483647;
			files = (
			);
			runOnlyForDeploymentPostprocessing = 0;
		};
/* End PBXFrameworksBuildPhase section */

/* Begin PBXGroup section */
		BAE99A692FC0922800559E0F = {
			isa = PBXGroup;
			children = (
				BAE99A742FC0922800559E0F /* delts */,
				C0DEF1000000000000000002 /* DeltsTimerWidget */,
				BAE99A822FC0B00000559E0F /* Config */,
				BAE99A812FC0B00000559E0F /* Secrets.example.xcconfig */,
				BAE99A732FC0922800559E0F /* Products */,
			);
			sourceTree = "<group>";
		};
		BAE99A732FC0922800559E0F /* Products */ = {
			isa = PBXGroup;
			children = (
				BAE99A722FC0922800559E0F /* delts.app */,
				C0DEF1000000000000000001 /* DeltsTimerWidget.appex */,
			);
			name = Products;
			sourceTree = "<group>";
		};
		BAE99A822FC0B00000559E0F /* Config */ = {
			isa = PBXGroup;
			children = (
				BAE99A802FC0B00000559E0F /* Base.xcconfig */,
			);
			path = Config;
			sourceTree = "<group>";
		};
		C0DEF1000000000000000002 /* DeltsTimerWidget */ = {
			isa = PBXGroup;
			children = (
				BAAE1C8A2FDA1934009ED017 /* InfoPlist.xcstrings */,
				BAAE1C8B2FDA1934009ED017 /* Localizable.xcstrings */,
				C0DEF1000000000000000003 /* DeltsTimerWidgetBundle.swift */,
				C0DEF1000000000000000004 /* WorkoutTimerLiveActivity.swift */,
				C0DEF1000000000000000005 /* Info.plist */,
				C0DEF1000000000000000006 /* delts/LiveActivity/WorkoutTimerActivityAttributes.swift */,
				C0DEF1000000000000000057 /* Assets.xcassets */,
			);
			path = DeltsTimerWidget;
			sourceTree = "<group>";
		};
/* End PBXGroup section */

/* Begin PBXNativeTarget section */
		BAE99A712FC0922800559E0F /* delts */ = {
			isa = PBXNativeTarget;
			buildConfigurationList = BAE99A7D2FC0922900559E0F /* Build configuration list for PBXNativeTarget "delts" */;
			buildPhases = (
				BAE99A6E2FC0922800559E0F /* Sources */,
				BAE99A6F2FC0922800559E0F /* Frameworks */,
				BAE99A702FC0922800559E0F /* Resources */,
				C0DEF1000000000000000052 /* Embed Foundation Extensions */,
			);
			buildRules = (
			);
			dependencies = (
				C0DEF1000000000000000050 /* PBXTargetDependency */,
			);
			fileSystemSynchronizedGroups = (
				BAE99A742FC0922800559E0F /* delts */,
			);
			name = delts;
			packageProductDependencies = (
				BF0000000000000000000003 /* RevenueCat */,
			);
			productName = delts;
			productReference = BAE99A722FC0922800559E0F /* delts.app */;
			productType = "com.apple.product-type.application";
		};
		C0DEF1000000000000000030 /* DeltsTimerWidget */ = {
			isa = PBXNativeTarget;
			buildConfigurationList = C0DEF1000000000000000042 /* Build configuration list for PBXNativeTarget "DeltsTimerWidget" */;
			buildPhases = (
				C0DEF1000000000000000020 /* Sources */,
				C0DEF1000000000000000021 /* Frameworks */,
				C0DEF1000000000000000022 /* Resources */,
			);
			buildRules = (
			);
			dependencies = (
			);
			name = DeltsTimerWidget;
			packageProductDependencies = (
			);
			productName = DeltsTimerWidget;
			productReference = C0DEF1000000000000000001 /* DeltsTimerWidget.appex */;
			productType = "com.apple.product-type.app-extension";
		};
/* End PBXNativeTarget section */

/* Begin PBXProject section */
		BAE99A6A2FC0922800559E0F /* Project object */ = {
			isa = PBXProject;
			attributes = {
				BuildIndependentTargetsInParallel = 1;
				LastSwiftUpdateCheck = 2650;
				LastUpgradeCheck = 2650;
				TargetAttributes = {
					BAE99A712FC0922800559E0F = {
						CreatedOnToolsVersion = 26.5;
						SystemCapabilities = {
							com.apple.HealthKit = {
								enabled = 1;
							};
						};
					};
					C0DEF1000000000000000030 = {
						CreatedOnToolsVersion = 26.5;
					};
				};
			};
			buildConfigurationList = BAE99A6D2FC0922800559E0F /* Build configuration list for PBXProject "delts" */;
			developmentRegion = en;
			hasScannedForEncodings = 0;
			knownRegions = (
				en,
				Base,
				ar,
				az,
				de,
				es,
				fr,
				hi,
				it,
				ja,
				ko,
				nl,
				pl,
				"pt-BR",
				ro,
				ru,
				"zh-Hans",
			);
			mainGroup = BAE99A692FC0922800559E0F;
			minimizedProjectReferenceProxies = 1;
			packageReferences = (
				BF0000000000000000000002 /* XCRemoteSwiftPackageReference "purchases-ios-spm" */,
			);
			preferredProjectObjectVersion = 77;
			productRefGroup = BAE99A732FC0922800559E0F /* Products */;
			projectDirPath = "";
			projectRoot = "";
			targets = (
				BAE99A712FC0922800559E0F /* delts */,
				C0DEF1000000000000000030 /* DeltsTimerWidget */,
			);
		};
/* End PBXProject section */

/* Begin PBXResourcesBuildPhase section */
		BAE99A702FC0922800559E0F /* Resources */ = {
			isa = PBXResourcesBuildPhase;
			buildActionMask = 2147483647;
			files = (
			);
			runOnlyForDeploymentPostprocessing = 0;
		};
		C0DEF1000000000000000022 /* Resources */ = {
			isa = PBXResourcesBuildPhase;
			buildActionMask = 2147483647;
			files = (
				BAAE1C8C2FDA1934009ED017 /* InfoPlist.xcstrings in Resources */,
				BAAE1C8D2FDA1934009ED017 /* Localizable.xcstrings in Resources */,
				C0DEF1000000000000000056 /* Assets.xcassets in Resources */,
			);
			runOnlyForDeploymentPostprocessing = 0;
		};
/* End PBXResourcesBuildPhase section */

/* Begin PBXSourcesBuildPhase section */
		BAE99A6E2FC0922800559E0F /* Sources */ = {
			isa = PBXSourcesBuildPhase;
			buildActionMask = 2147483647;
			files = (
			);
			runOnlyForDeploymentPostprocessing = 0;
		};
		C0DEF1000000000000000020 /* Sources */ = {
			isa = PBXSourcesBuildPhase;
			buildActionMask = 2147483647;
			files = (
				C0DEF1000000000000000010 /* DeltsTimerWidgetBundle.swift in Sources */,
				C0DEF1000000000000000011 /* WorkoutTimerLiveActivity.swift in Sources */,
				C0DEF1000000000000000012 /* delts/LiveActivity/WorkoutTimerActivityAttributes.swift in Sources */,
			);
			runOnlyForDeploymentPostprocessing = 0;
		};
/* End PBXSourcesBuildPhase section */

/* Begin PBXTargetDependency section */
		C0DEF1000000000000000050 /* PBXTargetDependency */ = {
			isa = PBXTargetDependency;
			target = C0DEF1000000000000000030 /* DeltsTimerWidget */;
			targetProxy = C0DEF1000000000000000051 /* PBXContainerItemProxy */;
		};
/* End PBXTargetDependency section */

/* Begin XCBuildConfiguration section */
		BAE99A7B2FC0922900559E0F /* Debug */ = {
			isa = XCBuildConfiguration;
			buildSettings = {
				ALWAYS_SEARCH_USER_PATHS = NO;
				ASSETCATALOG_COMPILER_GENERATE_SWIFT_ASSET_SYMBOL_EXTENSIONS = YES;
				CLANG_ANALYZER_LOCALIZABILITY_NONLOCALIZED = YES;
				CLANG_ANALYZER_NONNULL = YES;
				CLANG_ANALYZER_NUMBER_OBJECT_CONVERSION = YES_AGGRESSIVE;
				CLANG_CXX_LANGUAGE_STANDARD = "gnu++20";
				CLANG_ENABLE_MODULES = YES;
				CLANG_ENABLE_OBJC_ARC = YES;
				CLANG_ENABLE_OBJC_WEAK = YES;
				CLANG_WARN_BLOCK_CAPTURE_AUTORELEASING = YES;
				CLANG_WARN_BOOL_CONVERSION = YES;
				CLANG_WARN_COMMA = YES;
				CLANG_WARN_CONSTANT_CONVERSION = YES;
				CLANG_WARN_DEPRECATED_OBJC_IMPLEMENTATIONS = YES;
				CLANG_WARN_DIRECT_OBJC_ISA_USAGE = YES_ERROR;
				CLANG_WARN_DOCUMENTATION_COMMENTS = YES;
				CLANG_WARN_EMPTY_BODY = YES;
				CLANG_WARN_ENUM_CONVERSION = YES;
				CLANG_WARN_INFINITE_RECURSION = YES;
				CLANG_WARN_INT_CONVERSION = YES;
				CLANG_WARN_NON_LITERAL_NULL_CONVERSION = YES;
				CLANG_WARN_OBJC_IMPLICIT_RETAIN_SELF = YES;
				CLANG_WARN_OBJC_LITERAL_CONVERSION = YES;
				CLANG_WARN_OBJC_ROOT_CLASS = YES_ERROR;
				CLANG_WARN_QUOTED_INCLUDE_IN_FRAMEWORK_HEADER = YES;
				CLANG_WARN_RANGE_LOOP_ANALYSIS = YES;
				CLANG_WARN_STRICT_PROTOTYPES = YES;
				CLANG_WARN_SUSPICIOUS_MOVE = YES;
				CLANG_WARN_UNGUARDED_AVAILABILITY = YES_AGGRESSIVE;
				CLANG_WARN_UNREACHABLE_CODE = YES;
				CLANG_WARN__DUPLICATE_METHOD_MATCH = YES;
				COPY_PHASE_STRIP = NO;
				DEBUG_INFORMATION_FORMAT = dwarf;
				DEVELOPMENT_TEAM = 23RV7FYH36;
				ENABLE_STRICT_OBJC_MSGSEND = YES;
				ENABLE_TESTABILITY = YES;
				ENABLE_USER_SCRIPT_SANDBOXING = YES;
				GCC_C_LANGUAGE_STANDARD = gnu17;
				GCC_DYNAMIC_NO_PIC = NO;
				GCC_NO_COMMON_BLOCKS = YES;
				GCC_OPTIMIZATION_LEVEL = 0;
				GCC_PREPROCESSOR_DEFINITIONS = (
					"DEBUG=1",
					"$(inherited)",
				);
				GCC_WARN_64_TO_32_BIT_CONVERSION = YES;
				GCC_WARN_ABOUT_RETURN_TYPE = YES_ERROR;
				GCC_WARN_UNDECLARED_SELECTOR = YES;
				GCC_WARN_UNINITIALIZED_AUTOS = YES_AGGRESSIVE;
				GCC_WARN_UNUSED_FUNCTION = YES;
				GCC_WARN_UNUSED_VARIABLE = YES;
				IPHONEOS_DEPLOYMENT_TARGET = 17.0;
				LOCALIZATION_PREFERS_STRING_CATALOGS = YES;
				MTL_ENABLE_DEBUG_INFO = INCLUDE_SOURCE;
				MTL_FAST_MATH = YES;
				ONLY_ACTIVE_ARCH = YES;
				SDKROOT = iphoneos;
				STRING_CATALOG_GENERATE_SYMBOLS = YES;
				SWIFT_ACTIVE_COMPILATION_CONDITIONS = "DEBUG $(inherited)";
				SWIFT_OPTIMIZATION_LEVEL = "-Onone";
			};
			name = Debug;
		};
		BAE99A7C2FC0922900559E0F /* Release */ = {
			isa = XCBuildConfiguration;
			buildSettings = {
				ALWAYS_SEARCH_USER_PATHS = NO;
				ASSETCATALOG_COMPILER_GENERATE_SWIFT_ASSET_SYMBOL_EXTENSIONS = YES;
				CLANG_ANALYZER_LOCALIZABILITY_NONLOCALIZED = YES;
				CLANG_ANALYZER_NONNULL = YES;
				CLANG_ANALYZER_NUMBER_OBJECT_CONVERSION = YES_AGGRESSIVE;
				CLANG_CXX_LANGUAGE_STANDARD = "gnu++20";
				CLANG_ENABLE_MODULES = YES;
				CLANG_ENABLE_OBJC_ARC = YES;
				CLANG_ENABLE_OBJC_WEAK = YES;
				CLANG_WARN_BLOCK_CAPTURE_AUTORELEASING = YES;
				CLANG_WARN_BOOL_CONVERSION = YES;
				CLANG_WARN_COMMA = YES;
				CLANG_WARN_CONSTANT_CONVERSION = YES;
				CLANG_WARN_DEPRECATED_OBJC_IMPLEMENTATIONS = YES;
				CLANG_WARN_DIRECT_OBJC_ISA_USAGE = YES_ERROR;
				CLANG_WARN_DOCUMENTATION_COMMENTS = YES;
				CLANG_WARN_EMPTY_BODY = YES;
				CLANG_WARN_ENUM_CONVERSION = YES;
				CLANG_WARN_INFINITE_RECURSION = YES;
				CLANG_WARN_INT_CONVERSION = YES;
				CLANG_WARN_NON_LITERAL_NULL_CONVERSION = YES;
				CLANG_WARN_OBJC_IMPLICIT_RETAIN_SELF = YES;
				CLANG_WARN_OBJC_LITERAL_CONVERSION = YES;
				CLANG_WARN_OBJC_ROOT_CLASS = YES_ERROR;
				CLANG_WARN_QUOTED_INCLUDE_IN_FRAMEWORK_HEADER = YES;
				CLANG_WARN_RANGE_LOOP_ANALYSIS = YES;
				CLANG_WARN_STRICT_PROTOTYPES = YES;
				CLANG_WARN_SUSPICIOUS_MOVE = YES;
				CLANG_WARN_UNGUARDED_AVAILABILITY = YES_AGGRESSIVE;
				CLANG_WARN_UNREACHABLE_CODE = YES;
				CLANG_WARN__DUPLICATE_METHOD_MATCH = YES;
				COPY_PHASE_STRIP = NO;
				DEBUG_INFORMATION_FORMAT = "dwarf-with-dsym";
				DEVELOPMENT_TEAM = 23RV7FYH36;
				ENABLE_NS_ASSERTIONS = NO;
				ENABLE_STRICT_OBJC_MSGSEND = YES;
				ENABLE_USER_SCRIPT_SANDBOXING = YES;
				GCC_C_LANGUAGE_STANDARD = gnu17;
				GCC_NO_COMMON_BLOCKS = YES;
				GCC_WARN_64_TO_32_BIT_CONVERSION = YES;
				GCC_WARN_ABOUT_RETURN_TYPE = YES_ERROR;
				GCC_WARN_UNDECLARED_SELECTOR = YES;
				GCC_WARN_UNINITIALIZED_AUTOS = YES_AGGRESSIVE;
				GCC_WARN_UNUSED_FUNCTION = YES;
				GCC_WARN_UNUSED_VARIABLE = YES;
				IPHONEOS_DEPLOYMENT_TARGET = 17.0;
				LOCALIZATION_PREFERS_STRING_CATALOGS = YES;
				MTL_ENABLE_DEBUG_INFO = NO;
				MTL_FAST_MATH = YES;
				SDKROOT = iphoneos;
				STRING_CATALOG_GENERATE_SYMBOLS = YES;
				SWIFT_COMPILATION_MODE = wholemodule;
				VALIDATE_PRODUCT = YES;
			};
			name = Release;
		};
		BAE99A7E2FC0922900559E0F /* Debug */ = {
			isa = XCBuildConfiguration;
			baseConfigurationReference = BAE99A802FC0B00000559E0F /* Base.xcconfig */;
			buildSettings = {
				ASSETCATALOG_COMPILER_ALTERNATE_APPICON_NAMES = "AppIconCyan AppIconPink AppIconAmber AppIconViolet";
				ASSETCATALOG_COMPILER_APPICON_NAME = AppIcon;
				ASSETCATALOG_COMPILER_GLOBAL_ACCENT_COLOR_NAME = AccentColor;
				CODE_SIGN_ENTITLEMENTS = delts/delts.entitlements;
				CODE_SIGN_STYLE = Automatic;
				CURRENT_PROJECT_VERSION = 3;
				DEVELOPMENT_TEAM = 23RV7FYH36;
				ENABLE_PREVIEWS = YES;
				GENERATE_INFOPLIST_FILE = YES;
				INFOPLIST_KEY_CFBundleDisplayName = Delts;
				INFOPLIST_KEY_CFBundleName = Delts;
				INFOPLIST_KEY_LSApplicationCategoryType = "public.app-category.healthcare-fitness";
				INFOPLIST_KEY_NSHealthShareUsageDescription = "DELTS reads body weight and body fat history to show progress charts.";
				INFOPLIST_KEY_NSHealthUpdateUsageDescription = "DELTS writes body weight and body fat logs you enter.";
				INFOPLIST_KEY_NSSupportsLiveActivities = YES;
				INFOPLIST_KEY_UIApplicationSceneManifest_Generation = YES;
				INFOPLIST_KEY_UIApplicationSupportsIndirectInputEvents = YES;
				INFOPLIST_KEY_UILaunchScreen_Generation = YES;
				INFOPLIST_KEY_UIRequiresFullScreen = YES;
				INFOPLIST_KEY_UISupportedInterfaceOrientations = UIInterfaceOrientationPortrait;
				INFOPLIST_KEY_UISupportedInterfaceOrientations_iPad = UIInterfaceOrientationPortrait;
				INFOPLIST_KEY_UISupportedInterfaceOrientations_iPhone = UIInterfaceOrientationPortrait;
				LD_RUNPATH_SEARCH_PATHS = (
					"$(inherited)",
					"@executable_path/Frameworks",
				);
				MARKETING_VERSION = 1.1;
				PRODUCT_BUNDLE_IDENTIFIER = com.apoorvdarshan.delts;
				PRODUCT_NAME = "$(TARGET_NAME)";
				STRING_CATALOG_GENERATE_SYMBOLS = YES;
				SUPPORTS_MACCATALYST = NO;
				SUPPORTS_MAC_DESIGNED_FOR_IPHONE_IPAD = NO;
				SUPPORTS_XR_DESIGNED_FOR_IPHONE_IPAD = NO;
				SWIFT_APPROACHABLE_CONCURRENCY = YES;
				SWIFT_DEFAULT_ACTOR_ISOLATION = MainActor;
				SWIFT_EMIT_LOC_STRINGS = YES;
				SWIFT_UPCOMING_FEATURE_MEMBER_IMPORT_VISIBILITY = YES;
				SWIFT_VERSION = 5.0;
				TARGETED_DEVICE_FAMILY = 1;
			};
			name = Debug;
		};
		BAE99A7F2FC0922900559E0F /* Release */ = {
			isa = XCBuildConfiguration;
			baseConfigurationReference = BAE99A802FC0B00000559E0F /* Base.xcconfig */;
			buildSettings = {
				ASSETCATALOG_COMPILER_ALTERNATE_APPICON_NAMES = "AppIconCyan AppIconPink AppIconAmber AppIconViolet";
				ASSETCATALOG_COMPILER_APPICON_NAME = AppIcon;
				ASSETCATALOG_COMPILER_GLOBAL_ACCENT_COLOR_NAME = AccentColor;
				CODE_SIGN_ENTITLEMENTS = delts/delts.entitlements;
				CODE_SIGN_STYLE = Automatic;
				CURRENT_PROJECT_VERSION = 3;
				DEVELOPMENT_TEAM = 23RV7FYH36;
				ENABLE_PREVIEWS = YES;
				GENERATE_INFOPLIST_FILE = YES;
				INFOPLIST_KEY_CFBundleDisplayName = Delts;
				INFOPLIST_KEY_CFBundleName = Delts;
				INFOPLIST_KEY_LSApplicationCategoryType = "public.app-category.healthcare-fitness";
				INFOPLIST_KEY_NSHealthShareUsageDescription = "DELTS reads body weight and body fat history to show progress charts.";
				INFOPLIST_KEY_NSHealthUpdateUsageDescription = "DELTS writes body weight and body fat logs you enter.";
				INFOPLIST_KEY_NSSupportsLiveActivities = YES;
				INFOPLIST_KEY_UIApplicationSceneManifest_Generation = YES;
				INFOPLIST_KEY_UIApplicationSupportsIndirectInputEvents = YES;
				INFOPLIST_KEY_UILaunchScreen_Generation = YES;
				INFOPLIST_KEY_UIRequiresFullScreen = YES;
				INFOPLIST_KEY_UISupportedInterfaceOrientations = UIInterfaceOrientationPortrait;
				INFOPLIST_KEY_UISupportedInterfaceOrientations_iPad = UIInterfaceOrientationPortrait;
				INFOPLIST_KEY_UISupportedInterfaceOrientations_iPhone = UIInterfaceOrientationPortrait;
				LD_RUNPATH_SEARCH_PATHS = (
					"$(inherited)",
					"@executable_path/Frameworks",
				);
				MARKETING_VERSION = 1.1;
				PRODUCT_BUNDLE_IDENTIFIER = com.apoorvdarshan.delts;
				PRODUCT_NAME = "$(TARGET_NAME)";
				STRING_CATALOG_GENERATE_SYMBOLS = YES;
				SUPPORTS_MACCATALYST = NO;
				SUPPORTS_MAC_DESIGNED_FOR_IPHONE_IPAD = NO;
				SUPPORTS_XR_DESIGNED_FOR_IPHONE_IPAD = NO;
				SWIFT_APPROACHABLE_CONCURRENCY = YES;
				SWIFT_DEFAULT_ACTOR_ISOLATION = MainActor;
				SWIFT_EMIT_LOC_STRINGS = YES;
				SWIFT_UPCOMING_FEATURE_MEMBER_IMPORT_VISIBILITY = YES;
				SWIFT_VERSION = 5.0;
				TARGETED_DEVICE_FAMILY = 1;
			};
			name = Release;
		};
		C0DEF1000000000000000040 /* Debug */ = {
			isa = XCBuildConfiguration;
			buildSettings = {
				APPLICATION_EXTENSION_API_ONLY = YES;
				CODE_SIGN_STYLE = Automatic;
				CURRENT_PROJECT_VERSION = 3;
				DEVELOPMENT_TEAM = 23RV7FYH36;
				GENERATE_INFOPLIST_FILE = NO;
				INFOPLIST_FILE = DeltsTimerWidget/Info.plist;
				IPHONEOS_DEPLOYMENT_TARGET = 17.0;
				LD_RUNPATH_SEARCH_PATHS = (
					"$(inherited)",
					"@executable_path/Frameworks",
					"@executable_path/../../Frameworks",
				);
				MARKETING_VERSION = 1.1;
				PRODUCT_BUNDLE_IDENTIFIER = com.apoorvdarshan.delts.timerwidget;
				PRODUCT_NAME = "$(TARGET_NAME)";
				SKIP_INSTALL = YES;
				SUPPORTS_MACCATALYST = NO;
				SUPPORTS_MAC_DESIGNED_FOR_IPHONE_IPAD = NO;
				SUPPORTS_XR_DESIGNED_FOR_IPHONE_IPAD = NO;
				SWIFT_APPROACHABLE_CONCURRENCY = YES;
				SWIFT_DEFAULT_ACTOR_ISOLATION = MainActor;
				SWIFT_EMIT_LOC_STRINGS = YES;
				SWIFT_UPCOMING_FEATURE_MEMBER_IMPORT_VISIBILITY = YES;
				SWIFT_VERSION = 5.0;
				TARGETED_DEVICE_FAMILY = 1;
			};
			name = Debug;
		};
		C0DEF1000000000000000041 /* Release */ = {
			isa = XCBuildConfiguration;
			buildSettings = {
				APPLICATION_EXTENSION_API_ONLY = YES;
				CODE_SIGN_STYLE = Automatic;
				CURRENT_PROJECT_VERSION = 3;
				DEVELOPMENT_TEAM = 23RV7FYH36;
				GENERATE_INFOPLIST_FILE = NO;
				INFOPLIST_FILE = DeltsTimerWidget/Info.plist;
				IPHONEOS_DEPLOYMENT_TARGET = 17.0;
				LD_RUNPATH_SEARCH_PATHS = (
					"$(inherited)",
					"@executable_path/Frameworks",
					"@executable_path/../../Frameworks",
				);
				MARKETING_VERSION = 1.1;
				PRODUCT_BUNDLE_IDENTIFIER = com.apoorvdarshan.delts.timerwidget;
				PRODUCT_NAME = "$(TARGET_NAME)";
				SKIP_INSTALL = YES;
				SUPPORTS_MACCATALYST = NO;
				SUPPORTS_MAC_DESIGNED_FOR_IPHONE_IPAD = NO;
				SUPPORTS_XR_DESIGNED_FOR_IPHONE_IPAD = NO;
				SWIFT_APPROACHABLE_CONCURRENCY = YES;
				SWIFT_DEFAULT_ACTOR_ISOLATION = MainActor;
				SWIFT_EMIT_LOC_STRINGS = YES;
				SWIFT_UPCOMING_FEATURE_MEMBER_IMPORT_VISIBILITY = YES;
				SWIFT_VERSION = 5.0;
				TARGETED_DEVICE_FAMILY = 1;
			};
			name = Release;
		};
/* End XCBuildConfiguration section */

/* Begin XCConfigurationList section */
		BAE99A6D2FC0922800559E0F /* Build configuration list for PBXProject "delts" */ = {
			isa = XCConfigurationList;
			buildConfigurations = (
				BAE99A7B2FC0922900559E0F /* Debug */,
				BAE99A7C2FC0922900559E0F /* Release */,
			);
			defaultConfigurationIsVisible = 0;
			defaultConfigurationName = Release;
		};
		BAE99A7D2FC0922900559E0F /* Build configuration list for PBXNativeTarget "delts" */ = {
			isa = XCConfigurationList;
			buildConfigurations = (
				BAE99A7E2FC0922900559E0F /* Debug */,
				BAE99A7F2FC0922900559E0F /* Release */,
			);
			defaultConfigurationIsVisible = 0;
			defaultConfigurationName = Release;
		};
		C0DEF1000000000000000042 /* Build configuration list for PBXNativeTarget "DeltsTimerWidget" */ = {
			isa = XCConfigurationList;
			buildConfigurations = (
				C0DEF1000000000000000040 /* Debug */,
				C0DEF1000000000000000041 /* Release */,
			);
			defaultConfigurationIsVisible = 0;
			defaultConfigurationName = Release;
		};
/* End XCConfigurationList section */

/* Begin XCRemoteSwiftPackageReference section */
		BF0000000000000000000002 /* XCRemoteSwiftPackageReference "purchases-ios-spm" */ = {
			isa = XCRemoteSwiftPackageReference;
			repositoryURL = "https://github.com/RevenueCat/purchases-ios-spm.git";
			requirement = {
				kind = upToNextMajorVersion;
				minimumVersion = 5.0.0;
			};
		};
/* End XCRemoteSwiftPackageReference section */

/* Begin XCSwiftPackageProductDependency section */
		BF0000000000000000000003 /* RevenueCat */ = {
			isa = XCSwiftPackageProductDependency;
			package = BF0000000000000000000002 /* XCRemoteSwiftPackageReference "purchases-ios-spm" */;
			productName = RevenueCat;
		};
/* End XCSwiftPackageProductDependency section */
	};
	rootObject = BAE99A6A2FC0922800559E0F /* Project object */;
}
